
Microsoft Visual Studio Solution File, Format Version 12.00
# Visual Studio 15
VisualStudioVersion = 15.0.27703.2000
MinimumVisualStudioVersion = 10.0.40219.1
Project("{FAE04EC0-301F-11D3-BF4B-00C04F79EFBC}") = "CheesyMods", "CheesyMods\CheesyMods.csproj", "{77659CAA-2EB0-47A4-859A-D8EBADAC5E3E}"
EndProject
Global
	GlobalSection(SolutionConfigurationPlatforms) = preSolution
		Debug|Any CPU = Debug|Any CPU
		Release|Any CPU = Release|Any CPU
	EndGlobalSection
	GlobalSection(ProjectConfigurationPlatforms) = postSolution
		{77659CAA-2EB0-47A4-859A-D8EBADAC5E3E}.Debug|Any CPU.ActiveCfg = Debug|Any CPU
		{77659CAA-2EB0-47A4-859A-D8EBADAC5E3E}.Debug|Any CPU.Build.0 = Debug|Any CPU
		{77659CAA-2EB0-47A4-859A-D8EBADAC5E3E}.Release|Any CPU.ActiveCfg = Release|Any CPU
		{77659CAA-2EB0-47A4-859A-D8EBADAC5E3E}.Release|Any CPU.Build.0 = Release|Any CPU
	EndGlobalSection
	GlobalSection(SolutionProperties) = preSolution
		HideSolutionNode = FALSE
	EndGlobalSection
	GlobalSection(ExtensibilityGlobals) = postSolution
		SolutionGuid = {1ECF2A25-0F4A-44B5-A483-D9DBA6C0422D}
	EndGlobalSection
EndGlobal
